{
  "name": "emoji-search",
  "version": "1.0.0",
  "lockfileVersion": 3,
  "requires": true,
  "packages": {
    "": {
      "name": "emoji-search",
      "version": "1.0.0",
      "devDependencies": {
        "@ternlight/base": "^0.1.1",
        "emojibase-data": "^16.0.0"
      }
    },
    "node_modules/@ternlight/base": {
      "version": "0.1.1",
      "resolved": "https://registry.npmjs.org/@ternlight/base/-/base-0.1.1.tgz",
      "integrity": "sha512-G+/awDQq6AdLGR7GaIq7RCTdriR+DlqpSjiqfYdev6mCDR0HKLhlp5ZF2GiXX3CM6ZwY8g2AI8937IERqTxIkQ==",
      "dev": true,
      "license": "MIT",
      "engines": {
        "node": ">=18"
      }
    },
    "node_modules/emojibase": {
      "version": "17.0.0",
      "resolved": "https://registry.npmjs.org/emojibase/-/emojibase-17.0.0.tgz",
      "integrity": "sha512-bXdpf4HPY3p41zK5swVKZdC/VynsMZ4LoLxdYDE+GucqkFwzcM1GVc4ODfYAlwoKaf2U2oNNUoOO78N96ovpBA==",
      "dev": true,
      "license": "MIT",
      "peer": true,
      "engines": {
        "node": ">=18.12.0"
      },
      "funding": {
        "type": "ko-fi",
        "url": "https://ko-fi.com/milesjohnson"
      }
    },
    "node_modules/emojibase-data": {
      "version": "16.0.3",
      "resolved": "https://registry.npmjs.org/emojibase-data/-/emojibase-data-16.0.3.tgz",
      "integrity": "sha512-MopInVCDZeXvqBMPJxnvYUyKw9ImJZqIDr2sABo6acVSPev5IDYX+mf+0tsu96JJyc3INNvgIf06Eso7bdTX2Q==",
      "dev": true,
      "license": "MIT",
      "funding": {
        "type": "ko-fi",
        "url": "https://ko-fi.com/milesjohnson"
      },
      "peerDependencies": {
        "emojibase": "*"
      }
    }
  }
}
