{
  "name": "odyssey-cli",
  "version": "1.0.0",
  "lockfileVersion": 3,
  "requires": true,
  "packages": {
    "": {
      "name": "odyssey-cli",
      "version": "1.0.0",
      "dependencies": {
        "@ternlight/mini": "^0.1.1"
      }
    },
    "node_modules/@ternlight/mini": {
      "version": "0.1.1",
      "resolved": "https://registry.npmjs.org/@ternlight/mini/-/mini-0.1.1.tgz",
      "integrity": "sha512-nD+4U+lgwpvPY/iklZSbOGVsIcTpv78ptFThbRUSe+i8pMQlNAVaf8A8aiRDKIF0w7xmxi0gWfkssN8gFWyFBw==",
      "license": "MIT",
      "engines": {
        "node": ">=18"
      }
    }
  }
}
